
Microsoft Visual Studio Solution File, Format Version 12.00
# Visual Studio Version 17
VisualStudioVersion = 17.10.35027.167
MinimumVisualStudioVersion = 10.0.40219.1
Project("{FAE04EC0-301F-11D3-BF4B-00C04F79EFBC}") = "Random List", "Random List\Random List.csproj", "{C59A48AE-31E4-4B76-AADB-8FE09B99CA26}"
EndProject
Global
	GlobalSection(SolutionConfigurationPlatforms) = preSolution
		Debug|Any CPU = Debug|Any CPU
		Release|Any CPU = Release|Any CPU
	EndGlobalSection
	GlobalSection(ProjectConfigurationPlatforms) = postSolution
		{C59A48AE-31E4-4B76-AADB-8FE09B99CA26}.Debug|Any CPU.ActiveCfg = Debug|Any CPU
		{C59A48AE-31E4-4B76-AADB-8FE09B99CA26}.Debug|Any CPU.Build.0 = Debug|Any CPU
		{C59A48AE-31E4-4B76-AADB-8FE09B99CA26}.Release|Any CPU.ActiveCfg = Release|Any CPU
		{C59A48AE-31E4-4B76-AADB-8FE09B99CA26}.Release|Any CPU.Build.0 = Release|Any CPU
	EndGlobalSection
	GlobalSection(SolutionProperties) = preSolution
		HideSolutionNode = FALSE
	EndGlobalSection
	GlobalSection(ExtensibilityGlobals) = postSolution
		SolutionGuid = {D4DD3157-8FD2-4549-A1D4-CBC0FC49627E}
	EndGlobalSection
EndGlobal
